
Microsoft Visual Studio Solution File, Format Version 12.00
# Visual Studio Version 17
VisualStudioVersion = 17.8.34511.84
MinimumVisualStudioVersion = 10.0.40219.1
Project("{FAE04EC0-301F-11D3-BF4B-00C04F79EFBC}") = "CloudTunnelingLocalGateRSA", "CloudTunnelingLocalGateRSA.csproj", "{E515A8C0-4069-49CC-AD3F-D4733FC5DF5B}"
EndProject
Global
	GlobalSection(SolutionConfigurationPlatforms) = preSolution
		Debug|Any CPU = Debug|Any CPU
		Release|Any CPU = Release|Any CPU
	EndGlobalSection
	GlobalSection(ProjectConfigurationPlatforms) = postSolution
		{E515A8C0-4069-49CC-AD3F-D4733FC5DF5B}.Debug|Any CPU.ActiveCfg = Debug|Any CPU
		{E515A8C0-4069-49CC-AD3F-D4733FC5DF5B}.Debug|Any CPU.Build.0 = Debug|Any CPU
		{E515A8C0-4069-49CC-AD3F-D4733FC5DF5B}.Release|Any CPU.ActiveCfg = Release|Any CPU
		{E515A8C0-4069-49CC-AD3F-D4733FC5DF5B}.Release|Any CPU.Build.0 = Release|Any CPU
	EndGlobalSection
	GlobalSection(SolutionProperties) = preSolution
		HideSolutionNode = FALSE
	EndGlobalSection
	GlobalSection(ExtensibilityGlobals) = postSolution
		SolutionGuid = {897EC068-C006-47DF-94BF-85A9B99B8D44}
	EndGlobalSection
EndGlobal
